
Microsoft Visual Studio Solution File, Format Version 12.00
# Visual Studio Version 17
VisualStudioVersion = 17.14.36301.6 d17.14
MinimumVisualStudioVersion = 10.0.40219.1
Project("{FAE04EC0-301F-11D3-BF4B-00C04F79EFBC}") = "UchebkaFinal", "UchebkaFinal\UchebkaFinal.csproj", "{CCC84BB2-6962-47EB-BA52-373F8E664ED5}"
EndProject
Global
	GlobalSection(SolutionConfigurationPlatforms) = preSolution
		Debug|Any CPU = Debug|Any CPU
		Release|Any CPU = Release|Any CPU
	EndGlobalSection
	GlobalSection(ProjectConfigurationPlatforms) = postSolution
		{CCC84BB2-6962-47EB-BA52-373F8E664ED5}.Debug|Any CPU.ActiveCfg = Debug|Any CPU
		{CCC84BB2-6962-47EB-BA52-373F8E664ED5}.Debug|Any CPU.Build.0 = Debug|Any CPU
		{CCC84BB2-6962-47EB-BA52-373F8E664ED5}.Release|Any CPU.ActiveCfg = Release|Any CPU
		{CCC84BB2-6962-47EB-BA52-373F8E664ED5}.Release|Any CPU.Build.0 = Release|Any CPU
	EndGlobalSection
	GlobalSection(SolutionProperties) = preSolution
		HideSolutionNode = FALSE
	EndGlobalSection
	GlobalSection(ExtensibilityGlobals) = postSolution
		SolutionGuid = {99B3B20C-6ED6-43EA-A98B-A241804A62BC}
	EndGlobalSection
EndGlobal
